
Microsoft Visual Studio Solution File, Format Version 12.00
# Visual Studio Version 17
VisualStudioVersion = 17.8.34309.116
MinimumVisualStudioVersion = 10.0.40219.1
Project("{9A19103F-16F7-4668-BE54-9A1E7A4F7556}") = "TeknikalTest", "TeknikalTest\TeknikalTest.csproj", "{2EE3830C-A26D-4CC2-BC49-01CDF6122E44}"
EndProject
Project("{FAE04EC0-301F-11D3-BF4B-00C04F79EFBC}") = "ClientTeknikalTest", "ClientTeknikalTest\ClientTeknikalTest.csproj", "{3D0E6781-4CA3-4EB5-A57A-4107D021C9F1}"
EndProject
Global
	GlobalSection(SolutionConfigurationPlatforms) = preSolution
		Debug|Any CPU = Debug|Any CPU
		Release|Any CPU = Release|Any CPU
	EndGlobalSection
	GlobalSection(ProjectConfigurationPlatforms) = postSolution
		{2EE3830C-A26D-4CC2-BC49-01CDF6122E44}.Debug|Any CPU.ActiveCfg = Debug|Any CPU
		{2EE3830C-A26D-4CC2-BC49-01CDF6122E44}.Debug|Any CPU.Build.0 = Debug|Any CPU
		{2EE3830C-A26D-4CC2-BC49-01CDF6122E44}.Release|Any CPU.ActiveCfg = Release|Any CPU
		{2EE3830C-A26D-4CC2-BC49-01CDF6122E44}.Release|Any CPU.Build.0 = Release|Any CPU
		{3D0E6781-4CA3-4EB5-A57A-4107D021C9F1}.Debug|Any CPU.ActiveCfg = Debug|Any CPU
		{3D0E6781-4CA3-4EB5-A57A-4107D021C9F1}.Debug|Any CPU.Build.0 = Debug|Any CPU
		{3D0E6781-4CA3-4EB5-A57A-4107D021C9F1}.Release|Any CPU.ActiveCfg = Release|Any CPU
		{3D0E6781-4CA3-4EB5-A57A-4107D021C9F1}.Release|Any CPU.Build.0 = Release|Any CPU
	EndGlobalSection
	GlobalSection(SolutionProperties) = preSolution
		HideSolutionNode = FALSE
	EndGlobalSection
	GlobalSection(ExtensibilityGlobals) = postSolution
		SolutionGuid = {59DA596C-08CD-48A6-91B4-9BFD2C5458D8}
	EndGlobalSection
EndGlobal
